// !$*UTF8*$!
{
	archiveVersion = 1;
	classes = {
	};
	objectVersion = 46;
	objects = {

/* Begin PBXBuildFile section */
		956F49901F29220D0086C7CB /* LocationSearchTableViewController.swift in Sources */ = {isa = PBXBuildFile; fileRef = 956F498F1F29220D0086C7CB /* LocationSearchTableViewController.swift */; };
		956F49921F295EFC0086C7CB /* LaunchScreenViewController.swift in Sources */ = {isa = PBXBuildFile; fileRef = 956F49911F295EFC0086C7CB /* LaunchScreenViewController.swift */; };
		95EF53B21F2179C60077B3AA /* AppDelegate.swift in Sources */ = {isa = PBXBuildFile; fileRef = 95EF53B11F2179C60077B3AA /* AppDelegate.swift */; };
		95EF53B71F2179C60077B3AA /* Main.storyboard in Resources */ = {isa = PBXBuildFile; fileRef = 95EF53B51F2179C60077B3AA /* Main.storyboard */; };
		95EF53B91F2179C60077B3AA /* Assets.xcassets in Resources */ = {isa = PBXBuildFile; fileRef = 95EF53B81F2179C60077B3AA /* Assets.xcassets */; };
		95EF53BC1F2179C60077B3AA /* LaunchScreen.storyboard in Resources */ = {isa = PBXBuildFile; fileRef = 95EF53BA1F2179C60077B3AA /* LaunchScreen.storyboard */; };
		95EF53C51F22A37F0077B3AA /* DirectionsViewController.swift in Sources */ = {isa = PBXBuildFile; fileRef = 95EF53C41F22A37F0077B3AA /* DirectionsViewController.swift */; };
/* End PBXBuildFile section */

/* Begin PBXFileReference section */
		956F498F1F29220D0086C7CB /* LocationSearchTableViewController.swift */ = {isa = PBXFileReference; fileEncoding = 4; lastKnownFileType = sourcecode.swift; path = LocationSearchTableViewController.swift; sourceTree = "<group>"; };
		956F49911F295EFC0086C7CB /* LaunchScreenViewController.swift */ = {isa = PBXFileReference; fileEncoding = 4; lastKnownFileType = sourcecode.swift; path = LaunchScreenViewController.swift; sourceTree = "<group>"; };
		95EF53AE1F2179C60077B3AA /* GetDirections.app */ = {isa = PBXFileReference; explicitFileType = wrapper.application; includeInIndex = 0; path = GetDirections.app; sourceTree = BUILT_PRODUCTS_DIR; };
		95EF53B11F2179C60077B3AA /* AppDelegate.swift */ = {isa = PBXFileReference; lastKnownFileType = sourcecode.swift; path = AppDelegate.swift; sourceTree = "<group>"; };
		95EF53B61F2179C60077B3AA /* Base */ = {isa = PBXFileReference; lastKnownFileType = file.storyboard; name = Base; path = Base.lproj/Main.storyboard; sourceTree = "<group>"; };
		95EF53B81F2179C60077B3AA /* Assets.xcassets */ = {isa = PBXFileReference; lastKnownFileType = folder.assetcatalog; path = Assets.xcassets; sourceTree = "<group>"; };
		95EF53BB1F2179C60077B3AA /* Base */ = {isa = PBXFileReference; lastKnownFileType = file.storyboard; name = Base; path = Base.lproj/LaunchScreen.storyboard; sourceTree = "<group>"; };
		95EF53BD1F2179C60077B3AA /* Info.plist */ = {isa = PBXFileReference; lastKnownFileType = text.plist.xml; path = Info.plist; sourceTree = "<group>"; };
		95EF53C41F22A37F0077B3AA /* DirectionsViewController.swift */ = {isa = PBXFileReference; fileEncoding = 4; lastKnownFileType = sourcecode.swift; path = DirectionsViewController.swift; sourceTree = "<group>"; };
/* End PBXFileReference section */

/* Begin PBXFrameworksBuildPhase section */
		95EF53AB1F2179C60077B3AA /* Frameworks */ = {
			isa = PBXFrameworksBuildPhase;
			buildActionMask = 2147483647;
			files = (
			);
			runOnlyForDeploymentPostprocessing = 0;
		};
/* End PBXFrameworksBuildPhase section */

/* Begin PBXGroup section */
		95EF53A51F2179C60077B3AA = {
			isa = PBXGroup;
			children = (
				95EF53B01F2179C60077B3AA /* GetDirections */,
				95EF53AF1F2179C60077B3AA /* Products */,
			);
			sourceTree = "<group>";
		};
		95EF53AF1F2179C60077B3AA /* Products */ = {
			isa = PBXGroup;
			children = (
				95EF53AE1F2179C60077B3AA /* GetDirections.app */,
			);
			name = Products;
			sourceTree = "<group>";
		};
		95EF53B01F2179C60077B3AA /* GetDirections */ = {
			isa = PBXGroup;
			children = (
				95EF53B51F2179C60077B3AA /* Main.storyboard */,
				956F49911F295EFC0086C7CB /* LaunchScreenViewController.swift */,
				95EF53C41F22A37F0077B3AA /* DirectionsViewController.swift */,
				956F498F1F29220D0086C7CB /* LocationSearchTableViewController.swift */,
				95EF53C31F2179D70077B3AA /* Resources */,
			);
			path = GetDirections;
			sourceTree = "<group>";
		};
		95EF53C31F2179D70077B3AA /* Resources */ = {
			isa = PBXGroup;
			children = (
				95EF53B11F2179C60077B3AA /* AppDelegate.swift */,
				95EF53B81F2179C60077B3AA /* Assets.xcassets */,
				95EF53BA1F2179C60077B3AA /* LaunchScreen.storyboard */,
				95EF53BD1F2179C60077B3AA /* Info.plist */,
			);
			name = Resources;
			sourceTree = "<group>";
		};
/* End PBXGroup section */

/* Begin PBXNativeTarget section */
		95EF53AD1F2179C60077B3AA /* GetDirections */ = {
			isa = PBXNativeTarget;
			buildConfigurationList = 95EF53C01F2179C60077B3AA /* Build configuration list for PBXNativeTarget "GetDirections" */;
			buildPhases = (
				95EF53AA1F2179C60077B3AA /* Sources */,
				95EF53AB1F2179C60077B3AA /* Frameworks */,
				95EF53AC1F2179C60077B3AA /* Resources */,
			);
			buildRules = (
			);
			dependencies = (
			);
			name = GetDirections;
			productName = GetDirections;
			productReference = 95EF53AE1F2179C60077B3AA /* GetDirections.app */;
			productType = "com.apple.product-type.application";
		};
/* End PBXNativeTarget section */

/* Begin PBXProject section */
		95EF53A61F2179C60077B3AA /* Project object */ = {
			isa = PBXProject;
			attributes = {
				LastSwiftUpdateCheck = 0830;
				LastUpgradeCheck = 0830;
				ORGANIZATIONNAME = LuisPuentes;
				TargetAttributes = {
					95EF53AD1F2179C60077B3AA = {
						CreatedOnToolsVersion = 8.3.3;
						DevelopmentTeam = H9L7P6ZCN6;
						ProvisioningStyle = Automatic;
					};
				};
			};
			buildConfigurationList = 95EF53A91F2179C60077B3AA /* Build configuration list for PBXProject "GetDirections" */;
			compatibilityVersion = "Xcode 3.2";
			developmentRegion = English;
			hasScannedForEncodings = 0;
			knownRegions = (
				en,
				Base,
			);
			mainGroup = 95EF53A51F2179C60077B3AA;
			productRefGroup = 95EF53AF1F2179C60077B3AA /* Products */;
			projectDirPath = "";
			projectRoot = "";
			targets = (
				95EF53AD1F2179C60077B3AA /* GetDirections */,
			);
		};
/* End PBXProject section */

/* Begin PBXResourcesBuildPhase section */
		95EF53AC1F2179C60077B3AA /* Resources */ = {
			isa = PBXResourcesBuildPhase;
			buildActionMask = 2147483647;
			files = (
				95EF53BC1F2179C60077B3AA /* LaunchScreen.storyboard in Resources */,
				95EF53B91F2179C60077B3AA /* Assets.xcassets in Resources */,
				95EF53B71F2179C60077B3AA /* Main.storyboard in Resources */,
			);
			runOnlyForDeploymentPostprocessing = 0;
		};
/* End PBXResourcesBuildPhase section */

/* Begin PBXSourcesBuildPhase section */
		95EF53AA1F2179C60077B3AA /* Sources */ = {
			isa = PBXSourcesBuildPhase;
			buildActionMask = 2147483647;
			files = (
				95EF53C51F22A37F0077B3AA /* DirectionsViewController.swift in Sources */,
				956F49901F29220D0086C7CB /* LocationSearchTableViewController.swift in Sources */,
				956F49921F295EFC0086C7CB /* LaunchScreenViewController.swift in Sources */,
				95EF53B21F2179C60077B3AA /* AppDelegate.swift in Sources */,
			);
			runOnlyForDeploymentPostprocessing = 0;
		};
/* End PBXSourcesBuildPhase section */

/* Begin PBXVariantGroup section */
		95EF53B51F2179C60077B3AA /* Main.storyboard */ = {
			isa = PBXVariantGroup;
			children = (
				95EF53B61F2179C60077B3AA /* Base */,
			);
			name = Main.storyboard;
			sourceTree = "<group>";
		};
		95EF53BA1F2179C60077B3AA /* LaunchScreen.storyboard */ = {
			isa = PBXVariantGroup;
			children = (
				95EF53BB1F2179C60077B3AA /* Base */,
			);
			name = LaunchScreen.storyboard;
			sourceTree = "<group>";
		};
/* End PBXVariantGroup section */

/* Begin XCBuildConfiguration section */
		95EF53BE1F2179C60077B3AA /* Debug */ = {
			isa = XCBuildConfiguration;
			buildSettings = {
				ALWAYS_SEARCH_USER_PATHS = NO;
				CLANG_ANALYZER_NONNULL = YES;
				CLANG_ANALYZER_NUMBER_OBJECT_CONVERSION = YES_AGGRESSIVE;
				CLANG_CXX_LANGUAGE_STANDARD = "gnu++0x";
				CLANG_CXX_LIBRARY = "libc++";
				CLANG_ENABLE_MODULES = YES;
				CLANG_ENABLE_OBJC_ARC = YES;
				CLANG_WARN_BOOL_CONVERSION = YES;
				CLANG_WARN_CONSTANT_CONVERSION = YES;
				CLANG_WARN_DIRECT_OBJC_ISA_USAGE = YES_ERROR;
				CLANG_WARN_DOCUMENTATION_COMMENTS = YES;
				CLANG_WARN_EMPTY_BODY = YES;
				CLANG_WARN_ENUM_CONVERSION = YES;
				CLANG_WARN_INFINITE_RECURSION = YES;
				CLANG_WARN_INT_CONVERSION = YES;
				CLANG_WARN_OBJC_ROOT_CLASS = YES_ERROR;
				CLANG_WARN_SUSPICIOUS_MOVE = YES;
				CLANG_WARN_UNREACHABLE_CODE = YES;
				CLANG_WARN__DUPLICATE_METHOD_MATCH = YES;
				"CODE_SIGN_IDENTITY[sdk=iphoneos*]" = "iPhone Developer";
				COPY_PHASE_STRIP = NO;
				DEBUG_INFORMATION_FORMAT = dwarf;
				ENABLE_STRICT_OBJC_MSGSEND = YES;
				ENABLE_TESTABILITY = YES;
				GCC_C_LANGUAGE_STANDARD = gnu99;
				GCC_DYNAMIC_NO_PIC = NO;
				GCC_NO_COMMON_BLOCKS = YES;
				GCC_OPTIMIZATION_LEVEL = 0;
				GCC_PREPROCESSOR_DEFINITIONS = (
					"DEBUG=1",
					"$(inherited)",
				);
				GCC_WARN_64_TO_32_BIT_CONVERSION = YES;
				GCC_WARN_ABOUT_RETURN_TYPE = YES_ERROR;
				GCC_WARN_UNDECLARED_SELECTOR = YES;
				GCC_WARN_UNINITIALIZED_AUTOS = YES_AGGRESSIVE;
				GCC_WARN_UNUSED_FUNCTION = YES;
				GCC_WARN_UNUSED_VARIABLE = YES;
				IPHONEOS_DEPLOYMENT_TARGET = 10.3;
				MTL_ENABLE_DEBUG_INFO = YES;
				ONLY_ACTIVE_ARCH = YES;
				SDKROOT = iphoneos;
				SWIFT_ACTIVE_COMPILATION_CONDITIONS = DEBUG;
				SWIFT_OPTIMIZATION_LEVEL = "-Onone";
				TARGETED_DEVICE_FAMILY = "1,2";
			};
			name = Debug;
		};
		95EF53BF1F2179C60077B3AA /* Release */ = {
			isa = XCBuildConfiguration;
			buildSettings = {
				ALWAYS_SEARCH_USER_PATHS = NO;
				CLANG_ANALYZER_NONNULL = YES;
				CLANG_ANALYZER_NUMBER_OBJECT_CONVERSION = YES_AGGRESSIVE;
				CLANG_CXX_LANGUAGE_STANDARD = "gnu++0x";
				CLANG_CXX_LIBRARY = "libc++";
				CLANG_ENABLE_MODULES = YES;
				CLANG_ENABLE_OBJC_ARC = YES;
				CLANG_WARN_BOOL_CONVERSION = YES;
				CLANG_WARN_CONSTANT_CONVERSION = YES;
				CLANG_WARN_DIRECT_OBJC_ISA_USAGE = YES_ERROR;
				CLANG_WARN_DOCUMENTATION_COMMENTS = YES;
				CLANG_WARN_EMPTY_BODY = YES;
				CLANG_WARN_ENUM_CONVERSION = YES;
				CLANG_WARN_INFINITE_RECURSION = YES;
				CLANG_WARN_INT_CONVERSION = YES;
				CLANG_WARN_OBJC_ROOT_CLASS = YES_ERROR;
				CLANG_WARN_SUSPICIOUS_MOVE = YES;
				CLANG_WARN_UNREACHABLE_CODE = YES;
				CLANG_WARN__DUPLICATE_METHOD_MATCH = YES;
				"CODE_SIGN_IDENTITY[sdk=iphoneos*]" = "iPhone Developer";
				COPY_PHASE_STRIP = NO;
				DEBUG_INFORMATION_FORMAT = "dwarf-with-dsym";
				ENABLE_NS_ASSERTIONS = NO;
				ENABLE_STRICT_OBJC_MSGSEND = YES;
				GCC_C_LANGUAGE_STANDARD = gnu99;
				GCC_NO_COMMON_BLOCKS = YES;
				GCC_WARN_64_TO_32_BIT_CONVERSION = YES;
				GCC_WARN_ABOUT_RETURN_TYPE = YES_ERROR;
				GCC_WARN_UNDECLARED_SELECTOR = YES;
				GCC_WARN_UNINITIALIZED_AUTOS = YES_AGGRESSIVE;
				GCC_WARN_UNUSED_FUNCTION = YES;
				GCC_WARN_UNUSED_VARIABLE = YES;
				IPHONEOS_DEPLOYMENT_TARGET = 10.3;
				MTL_ENABLE_DEBUG_INFO = NO;
				SDKROOT = iphoneos;
				SWIFT_OPTIMIZATION_LEVEL = "-Owholemodule";
				TARGETED_DEVICE_FAMILY = "1,2";
				VALIDATE_PRODUCT = YES;
			};
			name = Release;
		};
		95EF53C11F2179C60077B3AA /* Debug */ = {
			isa = XCBuildConfiguration;
			buildSettings = {
				ASSETCATALOG_COMPILER_APPICON_NAME = AppIcon;
				DEVELOPMENT_TEAM = H9L7P6ZCN6;
				INFOPLIST_FILE = GetDirections/Info.plist;
				LD_RUNPATH_SEARCH_PATHS = "$(inherited) @executable_path/Frameworks";
				PRODUCT_BUNDLE_IDENTIFIER = com.GetDirections;
				PRODUCT_NAME = "$(TARGET_NAME)";
				SWIFT_VERSION = 3.0;
			};
			name = Debug;
		};
		95EF53C21F2179C60077B3AA /* Release */ = {
			isa = XCBuildConfiguration;
			buildSettings = {
				ASSETCATALOG_COMPILER_APPICON_NAME = AppIcon;
				DEVELOPMENT_TEAM = H9L7P6ZCN6;
				INFOPLIST_FILE = GetDirections/Info.plist;
				LD_RUNPATH_SEARCH_PATHS = "$(inherited) @executable_path/Frameworks";
				PRODUCT_BUNDLE_IDENTIFIER = com.GetDirections;
				PRODUCT_NAME = "$(TARGET_NAME)";
				SWIFT_VERSION = 3.0;
			};
			name = Release;
		};
/* End XCBuildConfiguration section */

/* Begin XCConfigurationList section */
		95EF53A91F2179C60077B3AA /* Build configuration list for PBXProject "GetDirections" */ = {
			isa = XCConfigurationList;
			buildConfigurations = (
				95EF53BE1F2179C60077B3AA /* Debug */,
				95EF53BF1F2179C60077B3AA /* Release */,
			);
			defaultConfigurationIsVisible = 0;
			defaultConfigurationName = Release;
		};
		95EF53C01F2179C60077B3AA /* Build configuration list for PBXNativeTarget "GetDirections" */ = {
			isa = XCConfigurationList;
			buildConfigurations = (
				95EF53C11F2179C60077B3AA /* Debug */,
				95EF53C21F2179C60077B3AA /* Release */,
			);
			defaultConfigurationIsVisible = 0;
			defaultConfigurationName = Release;
		};
/* End XCConfigurationList section */
	};
	rootObject = 95EF53A61F2179C60077B3AA /* Project object */;
}
